
Microsoft Visual Studio Solution File, Format Version 12.00
# Visual Studio Version 16
VisualStudioVersion = 16.0.29001.49
MinimumVisualStudioVersion = 10.0.40219.1
Project("{FAE04EC0-301F-11D3-BF4B-00C04F79EFBC}") = "MyHotel", "MyHotel\MyHotel.csproj", "{D2AB19C3-9248-4CB4-969F-427F6E8F13C1}"
EndProject
Global
	GlobalSection(SolutionConfigurationPlatforms) = preSolution
		Debug|Any CPU = Debug|Any CPU
		Release|Any CPU = Release|Any CPU
	EndGlobalSection
	GlobalSection(ProjectConfigurationPlatforms) = postSolution
		{D2AB19C3-9248-4CB4-969F-427F6E8F13C1}.Debug|Any CPU.ActiveCfg = Debug|Any CPU
		{D2AB19C3-9248-4CB4-969F-427F6E8F13C1}.Debug|Any CPU.Build.0 = Debug|Any CPU
		{D2AB19C3-9248-4CB4-969F-427F6E8F13C1}.Release|Any CPU.ActiveCfg = Release|Any CPU
		{D2AB19C3-9248-4CB4-969F-427F6E8F13C1}.Release|Any CPU.Build.0 = Release|Any CPU
	EndGlobalSection
	GlobalSection(SolutionProperties) = preSolution
		HideSolutionNode = FALSE
	EndGlobalSection
	GlobalSection(ExtensibilityGlobals) = postSolution
		SolutionGuid = {0BA77DAA-C8FA-4BDA-85A6-B02F930034BF}
	EndGlobalSection
EndGlobal
